speakeasyVersion: 1.460.2
sources:
    sample-source:
        sourceNamespace: sample-source
        sourceRevisionDigest: sha256:4c6320a7b1609fc09874a08719f7abaa760ce8d564e50da28641c13ee5b7b911
        sourceBlobDigest: sha256:33ebffb37cb1baa3fabbd1269d5949ef498fb6445c9ceaa739a0e73776cd7b03
        tags:
            - latest
            - speakeasy-sdk-regen-1732730746
            - 1.0.0
targets:
    petstore-sdk:
        source: sample-source
        sourceNamespace: sample-source
        sourceRevisionDigest: sha256:4c6320a7b1609fc09874a08719f7abaa760ce8d564e50da28641c13ee5b7b911
        sourceBlobDigest: sha256:33ebffb37cb1baa3fabbd1269d5949ef498fb6445c9ceaa739a0e73776cd7b03
        codeSamplesNamespace: sample-source-go-code-samples
        codeSamplesRevisionDigest: sha256:cbbd2ed08fbfc721913d4d8d276f9919c0897aa63b9d6651d4e78a17a85456e2
workflow:
    workflowVersion: 1.0.0
    speakeasyVersion: latest
    sources:
        sample-source:
            inputs:
                - location: openapi.yaml
            registry:
                location: registry.speakeasyapi.dev/playground-wnq/playground-testing/sample-source
    targets:
        petstore-sdk:
            target: go
            source: sample-source
            codeSamples:
                registry:
                    location: registry.speakeasyapi.dev/playground-wnq/playground-testing/sample-source-go-code-samples
                blocking: false
            testing:
                enabled: true
