speakeasyVersion: 1.443.0
sources:
    sample-source:
        sourceNamespace: sample-source
        sourceRevisionDigest: sha256:df7debf3a38f1cf0c7e02de3c1bd2ed144f3d3b521d4641f83708375f87a1598
        sourceBlobDigest: sha256:5a4babe6df511b69b5f10f66f8059720694b52dbc620bb7a90a53ad91142b2e3
        tags:
            - latest
targets:
    petstore-sdk:
        source: sample-source
        sourceNamespace: sample-source
        sourceRevisionDigest: sha256:df7debf3a38f1cf0c7e02de3c1bd2ed144f3d3b521d4641f83708375f87a1598
        sourceBlobDigest: sha256:5a4babe6df511b69b5f10f66f8059720694b52dbc620bb7a90a53ad91142b2e3
        codeSamplesNamespace: sample-source-code-samples
        codeSamplesRevisionDigest: sha256:ae8a76a9874ca871d0ab7fe77e3ae6f07f7acf54db47f3d89553420f82f7f50b
workflow:
    workflowVersion: 1.0.0
    speakeasyVersion: latest
    sources:
        sample-source:
            inputs:
                - location: openapi.yaml
            registry:
                location: registry.speakeasyapi.dev/playground-wnq/playground-testing/sample-source
    targets:
        petstore-sdk:
            target: go
            source: sample-source
            codeSamples:
                registry:
                    location: registry.speakeasyapi.dev/playground-wnq/playground-testing/sample-source-code-samples
                blocking: false
