speakeasyVersion: 1.453.8
sources:
    sample-source:
        sourceNamespace: sample-source
        sourceRevisionDigest: sha256:4da2ce8689c715fccf5f821714362785b2c696e425e720d9de1fe9a024b6d7ec
        sourceBlobDigest: sha256:33ebffb37cb1baa3fabbd1269d5949ef498fb6445c9ceaa739a0e73776cd7b03
        tags:
            - latest
            - 1.0.0
targets:
    petstore-sdk:
        source: sample-source
        sourceNamespace: sample-source
        sourceRevisionDigest: sha256:4da2ce8689c715fccf5f821714362785b2c696e425e720d9de1fe9a024b6d7ec
        sourceBlobDigest: sha256:33ebffb37cb1baa3fabbd1269d5949ef498fb6445c9ceaa739a0e73776cd7b03
        codeSamplesNamespace: sample-source-go-code-samples
        codeSamplesRevisionDigest: sha256:699ab28c2e855576a1ec7dbfab717278e067e04f28f48999b15b115cf1303a8c
workflow:
    workflowVersion: 1.0.0
    speakeasyVersion: latest
    sources:
        sample-source:
            inputs:
                - location: openapi.yaml
            registry:
                location: registry.speakeasyapi.dev/playground-wnq/playground-testing/sample-source
    targets:
        petstore-sdk:
            target: go
            source: sample-source
            codeSamples:
                registry:
                    location: registry.speakeasyapi.dev/playground-wnq/playground-testing/sample-source-go-code-samples
                blocking: false
            testing:
                enabled: true
